<?xml version="1.0" encoding="utf-8"?>
<Project ToolsVersion="4.0" xmlns="http://schemas.microsoft.com/developer/msbuild/2003">
  <ItemGroup>
    <Filter Include="Quelldateien">
      <UniqueIdentifier>{4FC737F1-C7A5-4376-A066-2A32D752A2FF}</UniqueIdentifier>
      <Extensions>cpp;c;cc;cxx;def;odl;idl;hpj;bat;asm;asmx</Extensions>
    </Filter>
    <Filter Include="Headerdateien">
      <UniqueIdentifier>{93995380-89BD-4b04-88EB-625FBE52EBFB}</UniqueIdentifier>
      <Extensions>h;hh;hpp;hxx;hm;inl;inc;xsd</Extensions>
    </Filter>
    <Filter Include="Ressourcendateien">
      <UniqueIdentifier>{67DA6AB6-F800-4c08-8B7A-83BB121AAD01}</UniqueIdentifier>
      <Extensions>rc;ico;cur;bmp;dlg;rc2;rct;bin;rgs;gif;jpg;jpeg;jpe;resx;tiff;tif;png;wav;mfcribbon-ms</Extensions>
    </Filter>
    <Filter Include="Headerdateien\drivers">
      <UniqueIdentifier>{dba2bf9d-7077-429b-a5d9-ee668ae6a736}</UniqueIdentifier>
    </Filter>
    <Filter Include="Quelldateien\drivers">
      <UniqueIdentifier>{90077c52-dd3f-47ca-ba2c-8892c50c3075}</UniqueIdentifier>
    </Filter>
    <Filter Include="Headerdateien\tado_v2_api">
      <UniqueIdentifier>{c3d9a03e-7b23-4298-9fc8-4dcb7a0b050f}</UniqueIdentifier>
    </Filter>
    <Filter Include="Quelldateien\tado_v2_api">
      <UniqueIdentifier>{57f1d3c9-85c9-471b-9428-f608125ccf84}</UniqueIdentifier>
    </Filter>
    <Filter Include="Headerdateien\homematic">
      <UniqueIdentifier>{9e65c8a6-3529-4ec3-9c01-35ed90a8e3f9}</UniqueIdentifier>
    </Filter>
    <Filter Include="Quelldateien\homematic">
      <UniqueIdentifier>{85e51dcb-b567-438b-934a-2b2215dc7b9c}</UniqueIdentifier>
    </Filter>
  </ItemGroup>
  <ItemGroup>
    <ClInclude Include="dht_poll_task.h">
      <Filter>Headerdateien</Filter>
    </ClInclude>
    <ClInclude Include="drivers\ringbuffer.h">
      <Filter>Headerdateien\drivers</Filter>
    </ClInclude>
    <ClInclude Include="drivers\malloc_static_buffer.h">
      <Filter>Headerdateien\drivers</Filter>
    </ClInclude>
    <ClInclude Include="drivers\cc1101.h">
      <Filter>Headerdateien\drivers</Filter>
    </ClInclude>
    <ClInclude Include="homematic\homematic.h">
      <Filter>Headerdateien\homematic</Filter>
    </ClInclude>
    <ClInclude Include="homematic\wait_timer.h">
      <Filter>Headerdateien\homematic</Filter>
    </ClInclude>
    <ClInclude Include="homematic\homematic_receiver.h">
      <Filter>Headerdateien\homematic</Filter>
    </ClInclude>
  </ItemGroup>
  <ItemGroup>
    <ClCompile Include="dht_poll_task.c">
      <Filter>Quelldateien</Filter>
    </ClCompile>
    <ClCompile Include="esp8266-smarthome-bridge.c">
      <Filter>Quelldateien</Filter>
    </ClCompile>
    <ClCompile Include="drivers\ringbuffer.c">
      <Filter>Quelldateien\drivers</Filter>
    </ClCompile>
    <ClCompile Include="drivers\malloc_static_buffer.c">
      <Filter>Quelldateien\drivers</Filter>
    </ClCompile>
    <ClCompile Include="drivers\cc1101.c">
      <Filter>Quelldateien\drivers</Filter>
    </ClCompile>
    <ClCompile Include="tado_v2_api\godaddyca_cert.c">
      <Filter>Quelldateien\tado_v2_api</Filter>
    </ClCompile>
    <ClCompile Include="homematic\homematic.cpp">
      <Filter>Quelldateien\homematic</Filter>
    </ClCompile>
    <ClCompile Include="homematic\wait_timer.cpp">
      <Filter>Quelldateien\homematic</Filter>
    </ClCompile>
    <ClCompile Include="homematic\homematic_receiver.cpp">
      <Filter>Quelldateien\homematic</Filter>
    </ClCompile>
  </ItemGroup>
  <ItemGroup>
    <None Include="Makefile" />
    <None Include="README.md" />
    <None Include="drivers\component.mk" />
    <None Include="tado_v2_api\component.mk">
      <Filter>Quelldateien\tado_v2_api</Filter>
    </None>
    <None Include="homematic\component.mk">
      <Filter>Quelldateien\homematic</Filter>
    </None>
  </ItemGroup>
</Project>